<?xml version="1.0" encoding="utf-8"?>
<Project ToolsVersion="16.0" xmlns="http://schemas.microsoft.com/developer/msbuild/2003">
  <ItemGroup>
    <ClCompile Include="D:\2020_20310895\Week2\Worksheet4\hello_cmake\hello.cpp">
      <Filter>Source Files</Filter>
    </ClCompile>
  </ItemGroup>
  <ItemGroup>
    <CustomBuild Include="D:\2020_20310895\Week2\Worksheet4\hello_cmake\CMakeLists.txt" />
  </ItemGroup>
  <ItemGroup>
    <Filter Include="Source Files">
      <UniqueIdentifier>{6CA08433-D7AA-3CFD-B882-1F78173F5305}</UniqueIdentifier>
    </Filter>
  </ItemGroup>
</Project>
