
Microsoft Visual Studio Solution File, Format Version 12.00
# Visual Studio Version 16
Project("{8BC9CEB8-8B4A-11D0-8D11-00A0C91BC942}") = "ALL_BUILD", "ALL_BUILD.vcxproj", "{DEAACD5E-0554-3209-B893-276E82D6A507}"
	ProjectSection(ProjectDependencies) = postProject
		{97FCFE2E-173D-38B3-8213-C940F82D4065} = {97FCFE2E-173D-38B3-8213-C940F82D4065}
		{45F165A8-FF4A-3E6D-A9AB-A7A11555346B} = {45F165A8-FF4A-3E6D-A9AB-A7A11555346B}
	EndProjectSection
EndProject
Project("{8BC9CEB8-8B4A-11D0-8D11-00A0C91BC942}") = "ZERO_CHECK", "ZERO_CHECK.vcxproj", "{97FCFE2E-173D-38B3-8213-C940F82D4065}"
	ProjectSection(ProjectDependencies) = postProject
	EndProjectSection
EndProject
Project("{8BC9CEB8-8B4A-11D0-8D11-00A0C91BC942}") = "hello", "hello.vcxproj", "{45F165A8-FF4A-3E6D-A9AB-A7A11555346B}"
	ProjectSection(ProjectDependencies) = postProject
		{97FCFE2E-173D-38B3-8213-C940F82D4065} = {97FCFE2E-173D-38B3-8213-C940F82D4065}
	EndProjectSection
EndProject
Global
	GlobalSection(SolutionConfigurationPlatforms) = preSolution
		Debug|x64 = Debug|x64
		Release|x64 = Release|x64
		MinSizeRel|x64 = MinSizeRel|x64
		RelWithDebInfo|x64 = RelWithDebInfo|x64
	EndGlobalSection
	GlobalSection(ProjectConfigurationPlatforms) = postSolution
		{DEAACD5E-0554-3209-B893-276E82D6A507}.Debug|x64.ActiveCfg = Debug|x64
		{DEAACD5E-0554-3209-B893-276E82D6A507}.Release|x64.ActiveCfg = Release|x64
		{DEAACD5E-0554-3209-B893-276E82D6A507}.MinSizeRel|x64.ActiveCfg = MinSizeRel|x64
		{DEAACD5E-0554-3209-B893-276E82D6A507}.RelWithDebInfo|x64.ActiveCfg = RelWithDebInfo|x64
		{97FCFE2E-173D-38B3-8213-C940F82D4065}.Debug|x64.ActiveCfg = Debug|x64
		{97FCFE2E-173D-38B3-8213-C940F82D4065}.Debug|x64.Build.0 = Debug|x64
		{97FCFE2E-173D-38B3-8213-C940F82D4065}.Release|x64.ActiveCfg = Release|x64
		{97FCFE2E-173D-38B3-8213-C940F82D4065}.Release|x64.Build.0 = Release|x64
		{97FCFE2E-173D-38B3-8213-C940F82D4065}.MinSizeRel|x64.ActiveCfg = MinSizeRel|x64
		{97FCFE2E-173D-38B3-8213-C940F82D4065}.MinSizeRel|x64.Build.0 = MinSizeRel|x64
		{97FCFE2E-173D-38B3-8213-C940F82D4065}.RelWithDebInfo|x64.ActiveCfg = RelWithDebInfo|x64
		{97FCFE2E-173D-38B3-8213-C940F82D4065}.RelWithDebInfo|x64.Build.0 = RelWithDebInfo|x64
		{45F165A8-FF4A-3E6D-A9AB-A7A11555346B}.Debug|x64.ActiveCfg = Debug|x64
		{45F165A8-FF4A-3E6D-A9AB-A7A11555346B}.Debug|x64.Build.0 = Debug|x64
		{45F165A8-FF4A-3E6D-A9AB-A7A11555346B}.Release|x64.ActiveCfg = Release|x64
		{45F165A8-FF4A-3E6D-A9AB-A7A11555346B}.Release|x64.Build.0 = Release|x64
		{45F165A8-FF4A-3E6D-A9AB-A7A11555346B}.MinSizeRel|x64.ActiveCfg = MinSizeRel|x64
		{45F165A8-FF4A-3E6D-A9AB-A7A11555346B}.MinSizeRel|x64.Build.0 = MinSizeRel|x64
		{45F165A8-FF4A-3E6D-A9AB-A7A11555346B}.RelWithDebInfo|x64.ActiveCfg = RelWithDebInfo|x64
		{45F165A8-FF4A-3E6D-A9AB-A7A11555346B}.RelWithDebInfo|x64.Build.0 = RelWithDebInfo|x64
	EndGlobalSection
	GlobalSection(ExtensibilityGlobals) = postSolution
		SolutionGuid = {A48D73C9-AD8E-36AB-8207-D2265FE4D1B4}
	EndGlobalSection
	GlobalSection(ExtensibilityAddIns) = postSolution
	EndGlobalSection
EndGlobal
