
Microsoft Visual Studio Solution File, Format Version 12.00
# Visual Studio Version 16
Project("{8BC9CEB8-8B4A-11D0-8D11-00A0C91BC942}") = "ALL_BUILD", "ALL_BUILD.vcxproj", "{704D82D6-1FCE-3441-BCD7-D3B1C2DE6D7A}"
	ProjectSection(ProjectDependencies) = postProject
		{E0B56A4D-7E77-3A6A-AB4C-DFC271598824} = {E0B56A4D-7E77-3A6A-AB4C-DFC271598824}
		{0D05919B-6540-34EE-BCD2-F111AA57094A} = {0D05919B-6540-34EE-BCD2-F111AA57094A}
	EndProjectSection
EndProject
Project("{8BC9CEB8-8B4A-11D0-8D11-00A0C91BC942}") = "ZERO_CHECK", "ZERO_CHECK.vcxproj", "{E0B56A4D-7E77-3A6A-AB4C-DFC271598824}"
	ProjectSection(ProjectDependencies) = postProject
	EndProjectSection
EndProject
Project("{8BC9CEB8-8B4A-11D0-8D11-00A0C91BC942}") = "hello_qt", "hello_qt.vcxproj", "{0D05919B-6540-34EE-BCD2-F111AA57094A}"
	ProjectSection(ProjectDependencies) = postProject
		{E0B56A4D-7E77-3A6A-AB4C-DFC271598824} = {E0B56A4D-7E77-3A6A-AB4C-DFC271598824}
	EndProjectSection
EndProject
Global
	GlobalSection(SolutionConfigurationPlatforms) = preSolution
		Debug|x64 = Debug|x64
		Release|x64 = Release|x64
		MinSizeRel|x64 = MinSizeRel|x64
		RelWithDebInfo|x64 = RelWithDebInfo|x64
	EndGlobalSection
	GlobalSection(ProjectConfigurationPlatforms) = postSolution
		{704D82D6-1FCE-3441-BCD7-D3B1C2DE6D7A}.Debug|x64.ActiveCfg = Debug|x64
		{704D82D6-1FCE-3441-BCD7-D3B1C2DE6D7A}.Release|x64.ActiveCfg = Release|x64
		{704D82D6-1FCE-3441-BCD7-D3B1C2DE6D7A}.MinSizeRel|x64.ActiveCfg = MinSizeRel|x64
		{704D82D6-1FCE-3441-BCD7-D3B1C2DE6D7A}.RelWithDebInfo|x64.ActiveCfg = RelWithDebInfo|x64
		{E0B56A4D-7E77-3A6A-AB4C-DFC271598824}.Debug|x64.ActiveCfg = Debug|x64
		{E0B56A4D-7E77-3A6A-AB4C-DFC271598824}.Debug|x64.Build.0 = Debug|x64
		{E0B56A4D-7E77-3A6A-AB4C-DFC271598824}.Release|x64.ActiveCfg = Release|x64
		{E0B56A4D-7E77-3A6A-AB4C-DFC271598824}.Release|x64.Build.0 = Release|x64
		{E0B56A4D-7E77-3A6A-AB4C-DFC271598824}.MinSizeRel|x64.ActiveCfg = MinSizeRel|x64
		{E0B56A4D-7E77-3A6A-AB4C-DFC271598824}.MinSizeRel|x64.Build.0 = MinSizeRel|x64
		{E0B56A4D-7E77-3A6A-AB4C-DFC271598824}.RelWithDebInfo|x64.ActiveCfg = RelWithDebInfo|x64
		{E0B56A4D-7E77-3A6A-AB4C-DFC271598824}.RelWithDebInfo|x64.Build.0 = RelWithDebInfo|x64
		{0D05919B-6540-34EE-BCD2-F111AA57094A}.Debug|x64.ActiveCfg = Debug|x64
		{0D05919B-6540-34EE-BCD2-F111AA57094A}.Debug|x64.Build.0 = Debug|x64
		{0D05919B-6540-34EE-BCD2-F111AA57094A}.Release|x64.ActiveCfg = Release|x64
		{0D05919B-6540-34EE-BCD2-F111AA57094A}.Release|x64.Build.0 = Release|x64
		{0D05919B-6540-34EE-BCD2-F111AA57094A}.MinSizeRel|x64.ActiveCfg = MinSizeRel|x64
		{0D05919B-6540-34EE-BCD2-F111AA57094A}.MinSizeRel|x64.Build.0 = MinSizeRel|x64
		{0D05919B-6540-34EE-BCD2-F111AA57094A}.RelWithDebInfo|x64.ActiveCfg = RelWithDebInfo|x64
		{0D05919B-6540-34EE-BCD2-F111AA57094A}.RelWithDebInfo|x64.Build.0 = RelWithDebInfo|x64
	EndGlobalSection
	GlobalSection(ExtensibilityGlobals) = postSolution
		SolutionGuid = {EBE5B8E9-A927-3032-A32C-28B5EC9759AE}
	EndGlobalSection
	GlobalSection(ExtensibilityAddIns) = postSolution
	EndGlobalSection
EndGlobal
