
Microsoft Visual Studio Solution File, Format Version 12.00
# Visual Studio Version 16
Project("{8BC9CEB8-8B4A-11D0-8D11-00A0C91BC942}") = "ALL_BUILD", "ALL_BUILD.vcxproj", "{DCC42E14-5105-351F-BC6D-48129345EF91}"
	ProjectSection(ProjectDependencies) = postProject
		{EE472EE7-44F3-3B04-A924-EAC8617312AA} = {EE472EE7-44F3-3B04-A924-EAC8617312AA}
		{944DD48F-77FD-3828-9CA0-E76514FBF650} = {944DD48F-77FD-3828-9CA0-E76514FBF650}
		{5DBF37AB-5A56-3998-B8C9-CDCEB96900C4} = {5DBF37AB-5A56-3998-B8C9-CDCEB96900C4}
	EndProjectSection
EndProject
Project("{8BC9CEB8-8B4A-11D0-8D11-00A0C91BC942}") = "ZERO_CHECK", "ZERO_CHECK.vcxproj", "{EE472EE7-44F3-3B04-A924-EAC8617312AA}"
	ProjectSection(ProjectDependencies) = postProject
	EndProjectSection
EndProject
Project("{8BC9CEB8-8B4A-11D0-8D11-00A0C91BC942}") = "calc", "calc.vcxproj", "{944DD48F-77FD-3828-9CA0-E76514FBF650}"
	ProjectSection(ProjectDependencies) = postProject
		{EE472EE7-44F3-3B04-A924-EAC8617312AA} = {EE472EE7-44F3-3B04-A924-EAC8617312AA}
		{5DBF37AB-5A56-3998-B8C9-CDCEB96900C4} = {5DBF37AB-5A56-3998-B8C9-CDCEB96900C4}
	EndProjectSection
EndProject
Project("{8BC9CEB8-8B4A-11D0-8D11-00A0C91BC942}") = "maths", "maths.vcxproj", "{5DBF37AB-5A56-3998-B8C9-CDCEB96900C4}"
	ProjectSection(ProjectDependencies) = postProject
		{EE472EE7-44F3-3B04-A924-EAC8617312AA} = {EE472EE7-44F3-3B04-A924-EAC8617312AA}
	EndProjectSection
EndProject
Global
	GlobalSection(SolutionConfigurationPlatforms) = preSolution
		Debug|x64 = Debug|x64
		Release|x64 = Release|x64
		MinSizeRel|x64 = MinSizeRel|x64
		RelWithDebInfo|x64 = RelWithDebInfo|x64
	EndGlobalSection
	GlobalSection(ProjectConfigurationPlatforms) = postSolution
		{DCC42E14-5105-351F-BC6D-48129345EF91}.Debug|x64.ActiveCfg = Debug|x64
		{DCC42E14-5105-351F-BC6D-48129345EF91}.Release|x64.ActiveCfg = Release|x64
		{DCC42E14-5105-351F-BC6D-48129345EF91}.MinSizeRel|x64.ActiveCfg = MinSizeRel|x64
		{DCC42E14-5105-351F-BC6D-48129345EF91}.RelWithDebInfo|x64.ActiveCfg = RelWithDebInfo|x64
		{EE472EE7-44F3-3B04-A924-EAC8617312AA}.Debug|x64.ActiveCfg = Debug|x64
		{EE472EE7-44F3-3B04-A924-EAC8617312AA}.Debug|x64.Build.0 = Debug|x64
		{EE472EE7-44F3-3B04-A924-EAC8617312AA}.Release|x64.ActiveCfg = Release|x64
		{EE472EE7-44F3-3B04-A924-EAC8617312AA}.Release|x64.Build.0 = Release|x64
		{EE472EE7-44F3-3B04-A924-EAC8617312AA}.MinSizeRel|x64.ActiveCfg = MinSizeRel|x64
		{EE472EE7-44F3-3B04-A924-EAC8617312AA}.MinSizeRel|x64.Build.0 = MinSizeRel|x64
		{EE472EE7-44F3-3B04-A924-EAC8617312AA}.RelWithDebInfo|x64.ActiveCfg = RelWithDebInfo|x64
		{EE472EE7-44F3-3B04-A924-EAC8617312AA}.RelWithDebInfo|x64.Build.0 = RelWithDebInfo|x64
		{944DD48F-77FD-3828-9CA0-E76514FBF650}.Debug|x64.ActiveCfg = Debug|x64
		{944DD48F-77FD-3828-9CA0-E76514FBF650}.Debug|x64.Build.0 = Debug|x64
		{944DD48F-77FD-3828-9CA0-E76514FBF650}.Release|x64.ActiveCfg = Release|x64
		{944DD48F-77FD-3828-9CA0-E76514FBF650}.Release|x64.Build.0 = Release|x64
		{944DD48F-77FD-3828-9CA0-E76514FBF650}.MinSizeRel|x64.ActiveCfg = MinSizeRel|x64
		{944DD48F-77FD-3828-9CA0-E76514FBF650}.MinSizeRel|x64.Build.0 = MinSizeRel|x64
		{944DD48F-77FD-3828-9CA0-E76514FBF650}.RelWithDebInfo|x64.ActiveCfg = RelWithDebInfo|x64
		{944DD48F-77FD-3828-9CA0-E76514FBF650}.RelWithDebInfo|x64.Build.0 = RelWithDebInfo|x64
		{5DBF37AB-5A56-3998-B8C9-CDCEB96900C4}.Debug|x64.ActiveCfg = Debug|x64
		{5DBF37AB-5A56-3998-B8C9-CDCEB96900C4}.Debug|x64.Build.0 = Debug|x64
		{5DBF37AB-5A56-3998-B8C9-CDCEB96900C4}.Release|x64.ActiveCfg = Release|x64
		{5DBF37AB-5A56-3998-B8C9-CDCEB96900C4}.Release|x64.Build.0 = Release|x64
		{5DBF37AB-5A56-3998-B8C9-CDCEB96900C4}.MinSizeRel|x64.ActiveCfg = MinSizeRel|x64
		{5DBF37AB-5A56-3998-B8C9-CDCEB96900C4}.MinSizeRel|x64.Build.0 = MinSizeRel|x64
		{5DBF37AB-5A56-3998-B8C9-CDCEB96900C4}.RelWithDebInfo|x64.ActiveCfg = RelWithDebInfo|x64
		{5DBF37AB-5A56-3998-B8C9-CDCEB96900C4}.RelWithDebInfo|x64.Build.0 = RelWithDebInfo|x64
	EndGlobalSection
	GlobalSection(ExtensibilityGlobals) = postSolution
		SolutionGuid = {D24F954A-67BA-3903-B6B4-AB339936E5C2}
	EndGlobalSection
	GlobalSection(ExtensibilityAddIns) = postSolution
	EndGlobalSection
EndGlobal
